
Microsoft Visual Studio Solution File, Format Version 12.00
# Visual Studio 2013
VisualStudioVersion = 12.0.31101.0
MinimumVisualStudioVersion = 10.0.40219.1
Project("{FAE04EC0-301F-11D3-BF4B-00C04F79EFBC}") = "FightClub", "FightClub\FightClub.csproj", "{518CAB91-1DE7-4B0D-898B-D9CFE1B3604D}"
EndProject
Project("{FAE04EC0-301F-11D3-BF4B-00C04F79EFBC}") = "FightClub.Repository", "FightClub.Repository\FightClub.Repository.csproj", "{1DFC0BD5-33B2-4F60-8619-B1AC80DE070F}"
EndProject
Project("{FAE04EC0-301F-11D3-BF4B-00C04F79EFBC}") = "FightClub.Model", "FightClub.Model\FightClub.Model.csproj", "{871558FD-7315-4E96-964C-93036F8F1BEC}"
EndProject
Global
	GlobalSection(SolutionConfigurationPlatforms) = preSolution
		Debug|Any CPU = Debug|Any CPU
		Release|Any CPU = Release|Any CPU
	EndGlobalSection
	GlobalSection(ProjectConfigurationPlatforms) = postSolution
		{518CAB91-1DE7-4B0D-898B-D9CFE1B3604D}.Debug|Any CPU.ActiveCfg = Debug|Any CPU
		{518CAB91-1DE7-4B0D-898B-D9CFE1B3604D}.Debug|Any CPU.Build.0 = Debug|Any CPU
		{518CAB91-1DE7-4B0D-898B-D9CFE1B3604D}.Release|Any CPU.ActiveCfg = Release|Any CPU
		{518CAB91-1DE7-4B0D-898B-D9CFE1B3604D}.Release|Any CPU.Build.0 = Release|Any CPU
		{1DFC0BD5-33B2-4F60-8619-B1AC80DE070F}.Debug|Any CPU.ActiveCfg = Debug|Any CPU
		{1DFC0BD5-33B2-4F60-8619-B1AC80DE070F}.Debug|Any CPU.Build.0 = Debug|Any CPU
		{1DFC0BD5-33B2-4F60-8619-B1AC80DE070F}.Release|Any CPU.ActiveCfg = Release|Any CPU
		{1DFC0BD5-33B2-4F60-8619-B1AC80DE070F}.Release|Any CPU.Build.0 = Release|Any CPU
		{871558FD-7315-4E96-964C-93036F8F1BEC}.Debug|Any CPU.ActiveCfg = Debug|Any CPU
		{871558FD-7315-4E96-964C-93036F8F1BEC}.Debug|Any CPU.Build.0 = Debug|Any CPU
		{871558FD-7315-4E96-964C-93036F8F1BEC}.Release|Any CPU.ActiveCfg = Release|Any CPU
		{871558FD-7315-4E96-964C-93036F8F1BEC}.Release|Any CPU.Build.0 = Release|Any CPU
	EndGlobalSection
	GlobalSection(SolutionProperties) = preSolution
		HideSolutionNode = FALSE
	EndGlobalSection
EndGlobal
